{
  "name": "React-express-socketio",
  "lockfileVersion": 3,
  "requires": true,
  "packages": {
    "": {
      "dependencies": {
        "lucide-react": "^0.468.0",
        "moment": "^2.30.1",
        "react-input-emoji": "^5.9.0"
      }
    },
    "node_modules/@emoji-mart/data": {
      "version": "1.2.1",
      "resolved": "https://registry.npmjs.org/@emoji-mart/data/-/data-1.2.1.tgz",
      "integrity": "sha512-no2pQMWiBy6gpBEiqGeU77/bFejDqUTRY7KX+0+iur13op3bqUsXdnwoZs6Xb1zbv0gAj5VvS1PWoUUckSr5Dw==",
      "license": "MIT"
    },
    "node_modules/emoji-mart": {
      "version": "5.6.0",
      "resolved": "https://registry.npmjs.org/emoji-mart/-/emoji-mart-5.6.0.tgz",
      "integrity": "sha512-eJp3QRe79pjwa+duv+n7+5YsNhRcMl812EcFVwrnRvYKoNPoQb5qxU8DG6Bgwji0akHdp6D4Ln6tYLG58MFSow==",
      "license": "MIT"
    },
    "node_modules/lucide-react": {
      "version": "0.468.0",
      "resolved": "https://registry.npmjs.org/lucide-react/-/lucide-react-0.468.0.tgz",
      "integrity": "sha512-6koYRhnM2N0GGZIdXzSeiNwguv1gt/FAjZOiPl76roBi3xKEXa4WmfpxgQwTTL4KipXjefrnf3oV4IsYhi4JFA==",
      "license": "ISC",
      "peerDependencies": {
        "react": "^16.5.1 || ^17.0.0 || ^18.0.0 || ^19.0.0-rc"
      }
    },
    "node_modules/moment": {
      "version": "2.30.1",
      "resolved": "https://registry.npmjs.org/moment/-/moment-2.30.1.tgz",
      "integrity": "sha512-uEmtNhbDOrWPFS+hdjFCBfy9f2YoyzRpwcl+DqpC6taX21FzsTLQVbMV/W7PzNSX6x/bhC1zA3c2UQ5NzH6how==",
      "license": "MIT",
      "engines": {
        "node": "*"
      }
    },
    "node_modules/react": {
      "version": "19.0.0",
      "resolved": "https://registry.npmjs.org/react/-/react-19.0.0.tgz",
      "integrity": "sha512-V8AVnmPIICiWpGfm6GLzCR/W5FXLchHop40W4nXBmdlEceh16rCN8O8LNWm5bh5XUX91fh7KpA+W0TgMKmgTpQ==",
      "license": "MIT",
      "peer": true,
      "engines": {
        "node": ">=0.10.0"
      }
    },
    "node_modules/react-dom": {
      "version": "19.0.0",
      "resolved": "https://registry.npmjs.org/react-dom/-/react-dom-19.0.0.tgz",
      "integrity": "sha512-4GV5sHFG0e/0AD4X+ySy6UJd3jVl1iNsNHdpad0qhABJ11twS3TTBnseqsKurKcsNqCEFeGL3uLpVChpIO3QfQ==",
      "license": "MIT",
      "peer": true,
      "dependencies": {
        "scheduler": "^0.25.0"
      },
      "peerDependencies": {
        "react": "^19.0.0"
      }
    },
    "node_modules/react-easy-emoji": {
      "version": "1.8.1",
      "resolved": "https://registry.npmjs.org/react-easy-emoji/-/react-easy-emoji-1.8.1.tgz",
      "integrity": "sha512-wAf2x+cjwtOlLfXnjc0J3k5B2PDZdoxd1BjtfKr5tq2AL7t2ygvByJQWgFOyN28xg3qe8EKBM6pKxGP+qrGWuQ==",
      "license": "MIT",
      "dependencies": {
        "string-replace-to-array": "^2.1.0"
      },
      "peerDependencies": {
        "@types/react": ">=0.14.0",
        "react": ">=0.14.27"
      },
      "peerDependenciesMeta": {
        "@types/react": {
          "optional": true
        }
      }
    },
    "node_modules/react-input-emoji": {
      "version": "5.9.0",
      "resolved": "https://registry.npmjs.org/react-input-emoji/-/react-input-emoji-5.9.0.tgz",
      "integrity": "sha512-37Bbg4DEI4UXQ/tNSG3shIA0iFqk3vkhvfTZSQxi/oweeB/870G/6lvp65Ebex2rNM+UlwjMmR80rlJQwl78lQ==",
      "license": "MIT",
      "dependencies": {
        "@emoji-mart/data": "1.2.1",
        "@emoji-mart/react": "1.1.1",
        "emoji-mart": "5.6.0",
        "react-easy-emoji": "^1.8.1"
      },
      "engines": {
        "node": ">=8",
        "npm": ">=5"
      },
      "peerDependencies": {
        "react": ">=17.0.x",
        "react-dom": ">=17.0.x"
      }
    },
    "node_modules/react-input-emoji/node_modules/@emoji-mart/react": {
      "version": "1.1.1",
      "resolved": "https://registry.npmjs.org/@emoji-mart/react/-/react-1.1.1.tgz",
      "integrity": "sha512-NMlFNeWgv1//uPsvLxvGQoIerPuVdXwK/EUek8OOkJ6wVOWPUizRBJU0hDqWZCOROVpfBgCemaC3m6jDOXi03g==",
      "license": "MIT",
      "peerDependencies": {
        "emoji-mart": "^5.2",
        "react": "^16.8 || ^17 || ^18"
      }
    },
    "node_modules/scheduler": {
      "version": "0.25.0",
      "resolved": "https://registry.npmjs.org/scheduler/-/scheduler-0.25.0.tgz",
      "integrity": "sha512-xFVuu11jh+xcO7JOAGJNOXld8/TcEHK/4CituBUeUb5hqxJLj9YuemAEuvm9gQ/+pgXYfbQuqAkiYu+u7YEsNA==",
      "license": "MIT",
      "peer": true
    },
    "node_modules/string-replace-to-array": {
      "version": "2.1.1",
      "resolved": "https://registry.npmjs.org/string-replace-to-array/-/string-replace-to-array-2.1.1.tgz",
      "integrity": "sha512-i31csTEoIrcB8pusAF72Z0WsF04sbdiH4s0egpcmFj30SgHYdYd1swmZ7Zb1qFryJ5DbZR6z4rSjOzoUcrWUWw==",
      "license": "MIT"
    }
  }
}
